
Microsoft Visual Studio Solution File, Format Version 12.00
# Visual Studio Version 17
VisualStudioVersion = 17.9.34728.123
MinimumVisualStudioVersion = 10.0.40219.1
Project("{9A19103F-16F7-4668-BE54-9A1E7A4F7556}") = "ejer 01 Recursividad _ pares del 1 al 100", "ejer 01 Recursividad _ pares del 1 al 100\ejer 01 Recursividad _ pares del 1 al 100.csproj", "{B7F92AE7-DDC6-4DAF-A90A-44520887D928}"
EndProject
Project("{9A19103F-16F7-4668-BE54-9A1E7A4F7556}") = "ejer 02 Recursividad _  suma de los números del 1 al n.", "ejer 02 Recursividad _  suma de los números del 1 al n\ejer 02 Recursividad _  suma de los números del 1 al n..csproj", "{9DA38BDC-BC0E-4846-A848-26EFEDEEF013}"
EndProject
Project("{9A19103F-16F7-4668-BE54-9A1E7A4F7556}") = "ejer 03 Recursividad _ pirámide de números del 1 al n", "ejer 03 Recursividad _ pirámide de números del 1 al n\ejer 03 Recursividad _ pirámide de números del 1 al n.csproj", "{760232C1-164F-43F6-8E48-DEB525D231B1}"
EndProject
Project("{9A19103F-16F7-4668-BE54-9A1E7A4F7556}") = "ejer 04 Recursividad _ piramide invertido", "ejer 04 Recursividad _ piramide invertido\ejer 04 Recursividad _ piramide invertido.csproj", "{FD180EC6-0B74-4BAB-9CB1-C2CD9097A246}"
EndProject
Project("{9A19103F-16F7-4668-BE54-9A1E7A4F7556}") = "ejer 05 Recursividad _ tabla de multiplicar del n", "ejer 05 Recursividad _ tabla de multiplicar del n\ejer 05 Recursividad _ tabla de multiplicar del n.csproj", "{35E460A7-890C-49BA-B774-04A187B9B575}"
EndProject
Project("{9A19103F-16F7-4668-BE54-9A1E7A4F7556}") = "ejer 06 Arreglos _ matriz de números reales.", "ejer 06 Arreglos _ matriz de números reales\ejer 06 Arreglos _ matriz de números reales..csproj", "{AB1F7240-A5C1-4A8F-BD9B-C0B61E9340CF}"
EndProject
Project("{9A19103F-16F7-4668-BE54-9A1E7A4F7556}") = "ejer 07 Arreglos _ matriz de números complejos.", "ejer 07 Arreglos _ matriz de números complejos\ejer 07 Arreglos _ matriz de números complejos..csproj", "{EBCB54E4-7D3C-40D2-A3F3-9FBFE8E5D7FD}"
EndProject
Project("{9A19103F-16F7-4668-BE54-9A1E7A4F7556}") = "ejer 08 Arreglos _ matriz de matriz", "ejer 08 Arreglos _ matriz de matriz\ejer 08 Arreglos _ matriz de matriz.csproj", "{0CB81909-A674-4EC6-92D6-5B06FD89D2AB}"
EndProject
Project("{9A19103F-16F7-4668-BE54-9A1E7A4F7556}") = "ejer 09 Arreglos _ elemento central de una matriz.", "ejer 09 Arreglos _ elemento central de una matriz\ejer 09 Arreglos _ elemento central de una matriz..csproj", "{222C2013-0CC3-423F-895E-820BF41560C2}"
EndProject
Project("{9A19103F-16F7-4668-BE54-9A1E7A4F7556}") = "ejer 10 Arreglos _ Suma dos matrices", "ejer 10 Arreglos _ Suma dos matrices\ejer 10 Arreglos _ Suma dos matrices.csproj", "{9411FFEA-65B7-45E4-B1F4-A2C48C98FA3A}"
EndProject
Project("{9A19103F-16F7-4668-BE54-9A1E7A4F7556}") = "ejer 11 Arreglos _ Multiplica una matriz por un número.", "ejer 11 Arreglos _ Multiplica una matriz por un número\ejer 11 Arreglos _ Multiplica una matriz por un número..csproj", "{8EDD1169-3A20-4B97-A8ED-5428000F72B6}"
EndProject
Project("{9A19103F-16F7-4668-BE54-9A1E7A4F7556}") = "ejer 12 Arreglos _ media de los elementos de una matriz.", "ejer 12 Arreglos _ media de los elementos de una matriz\ejer 12 Arreglos _ media de los elementos de una matriz..csproj", "{7DA981A3-B9E2-4F84-AF36-B85382717B27}"
EndProject
Project("{FAE04EC0-301F-11D3-BF4B-00C04F79EFBC}") = "ejer 13 Matrices _ matriz de números aleatorios de tamaño 100x100", "ejer 13 Matrices _ matriz de números aleatorios de tamaño 100x100\ejer 13 Matrices _ matriz de números aleatorios de tamaño 100x100.csproj", "{0B98DDB3-E5B8-4AC2-8939-F0694FD7D070}"
EndProject
Project("{FAE04EC0-301F-11D3-BF4B-00C04F79EFBC}") = "ejer 14 Matrices _ media, la mediana y la desviación de una matriz.", "ejer 14 Matrices _ media, la mediana y la desviación de una matriz\ejer 14 Matrices _ media, la mediana y la desviación de una matriz..csproj", "{F828EEAE-90C2-4DD2-92AA-8F6A47D265C9}"
EndProject
Project("{FAE04EC0-301F-11D3-BF4B-00C04F79EFBC}") = "ejer 15 Matrices _ elemento máximo de una matriz.", "ejer 15 Matrices _ elemento máximo de una matriz\ejer 15 Matrices _ elemento máximo de una matriz..csproj", "{170AC7E7-2893-4F95-BBA8-487B64346318}"
EndProject
Project("{FAE04EC0-301F-11D3-BF4B-00C04F79EFBC}") = "ejer 16 Matrices _ submatriz de mayor suma de una matriz", "ejer 16 Matrices _ submatriz de mayor suma de una matriz\ejer 16 Matrices _ submatriz de mayor suma de una matriz.csproj", "{EFB4E05D-12A2-4F23-A089-7D4163D2E5F0}"
EndProject
Project("{FAE04EC0-301F-11D3-BF4B-00C04F79EFBC}") = "ejer 17 Matrices _ matriz de covarianza de dos matrices", "ejer 17 Matrices _ matriz de covarianza de dos matrices\ejer 17 Matrices _ matriz de covarianza de dos matrices.csproj", "{8BD321E4-5D7F-44A4-B7A1-0B3CE3DD9ADC}"
EndProject
Global
	GlobalSection(SolutionConfigurationPlatforms) = preSolution
		Debug|Any CPU = Debug|Any CPU
		Release|Any CPU = Release|Any CPU
	EndGlobalSection
	GlobalSection(ProjectConfigurationPlatforms) = postSolution
		{B7F92AE7-DDC6-4DAF-A90A-44520887D928}.Debug|Any CPU.ActiveCfg = Debug|Any CPU
		{B7F92AE7-DDC6-4DAF-A90A-44520887D928}.Debug|Any CPU.Build.0 = Debug|Any CPU
		{B7F92AE7-DDC6-4DAF-A90A-44520887D928}.Release|Any CPU.ActiveCfg = Release|Any CPU
		{B7F92AE7-DDC6-4DAF-A90A-44520887D928}.Release|Any CPU.Build.0 = Release|Any CPU
		{9DA38BDC-BC0E-4846-A848-26EFEDEEF013}.Debug|Any CPU.ActiveCfg = Debug|Any CPU
		{9DA38BDC-BC0E-4846-A848-26EFEDEEF013}.Debug|Any CPU.Build.0 = Debug|Any CPU
		{9DA38BDC-BC0E-4846-A848-26EFEDEEF013}.Release|Any CPU.ActiveCfg = Release|Any CPU
		{9DA38BDC-BC0E-4846-A848-26EFEDEEF013}.Release|Any CPU.Build.0 = Release|Any CPU
		{760232C1-164F-43F6-8E48-DEB525D231B1}.Debug|Any CPU.ActiveCfg = Debug|Any CPU
		{760232C1-164F-43F6-8E48-DEB525D231B1}.Debug|Any CPU.Build.0 = Debug|Any CPU
		{760232C1-164F-43F6-8E48-DEB525D231B1}.Release|Any CPU.ActiveCfg = Release|Any CPU
		{760232C1-164F-43F6-8E48-DEB525D231B1}.Release|Any CPU.Build.0 = Release|Any CPU
		{FD180EC6-0B74-4BAB-9CB1-C2CD9097A246}.Debug|Any CPU.ActiveCfg = Debug|Any CPU
		{FD180EC6-0B74-4BAB-9CB1-C2CD9097A246}.Debug|Any CPU.Build.0 = Debug|Any CPU
		{FD180EC6-0B74-4BAB-9CB1-C2CD9097A246}.Release|Any CPU.ActiveCfg = Release|Any CPU
		{FD180EC6-0B74-4BAB-9CB1-C2CD9097A246}.Release|Any CPU.Build.0 = Release|Any CPU
		{35E460A7-890C-49BA-B774-04A187B9B575}.Debug|Any CPU.ActiveCfg = Debug|Any CPU
		{35E460A7-890C-49BA-B774-04A187B9B575}.Debug|Any CPU.Build.0 = Debug|Any CPU
		{35E460A7-890C-49BA-B774-04A187B9B575}.Release|Any CPU.ActiveCfg = Release|Any CPU
		{35E460A7-890C-49BA-B774-04A187B9B575}.Release|Any CPU.Build.0 = Release|Any CPU
		{AB1F7240-A5C1-4A8F-BD9B-C0B61E9340CF}.Debug|Any CPU.ActiveCfg = Debug|Any CPU
		{AB1F7240-A5C1-4A8F-BD9B-C0B61E9340CF}.Debug|Any CPU.Build.0 = Debug|Any CPU
		{AB1F7240-A5C1-4A8F-BD9B-C0B61E9340CF}.Release|Any CPU.ActiveCfg = Release|Any CPU
		{AB1F7240-A5C1-4A8F-BD9B-C0B61E9340CF}.Release|Any CPU.Build.0 = Release|Any CPU
		{EBCB54E4-7D3C-40D2-A3F3-9FBFE8E5D7FD}.Debug|Any CPU.ActiveCfg = Debug|Any CPU
		{EBCB54E4-7D3C-40D2-A3F3-9FBFE8E5D7FD}.Debug|Any CPU.Build.0 = Debug|Any CPU
		{EBCB54E4-7D3C-40D2-A3F3-9FBFE8E5D7FD}.Release|Any CPU.ActiveCfg = Release|Any CPU
		{EBCB54E4-7D3C-40D2-A3F3-9FBFE8E5D7FD}.Release|Any CPU.Build.0 = Release|Any CPU
		{0CB81909-A674-4EC6-92D6-5B06FD89D2AB}.Debug|Any CPU.ActiveCfg = Debug|Any CPU
		{0CB81909-A674-4EC6-92D6-5B06FD89D2AB}.Debug|Any CPU.Build.0 = Debug|Any CPU
		{0CB81909-A674-4EC6-92D6-5B06FD89D2AB}.Release|Any CPU.ActiveCfg = Release|Any CPU
		{0CB81909-A674-4EC6-92D6-5B06FD89D2AB}.Release|Any CPU.Build.0 = Release|Any CPU
		{222C2013-0CC3-423F-895E-820BF41560C2}.Debug|Any CPU.ActiveCfg = Debug|Any CPU
		{222C2013-0CC3-423F-895E-820BF41560C2}.Debug|Any CPU.Build.0 = Debug|Any CPU
		{222C2013-0CC3-423F-895E-820BF41560C2}.Release|Any CPU.ActiveCfg = Release|Any CPU
		{222C2013-0CC3-423F-895E-820BF41560C2}.Release|Any CPU.Build.0 = Release|Any CPU
		{9411FFEA-65B7-45E4-B1F4-A2C48C98FA3A}.Debug|Any CPU.ActiveCfg = Debug|Any CPU
		{9411FFEA-65B7-45E4-B1F4-A2C48C98FA3A}.Debug|Any CPU.Build.0 = Debug|Any CPU
		{9411FFEA-65B7-45E4-B1F4-A2C48C98FA3A}.Release|Any CPU.ActiveCfg = Release|Any CPU
		{9411FFEA-65B7-45E4-B1F4-A2C48C98FA3A}.Release|Any CPU.Build.0 = Release|Any CPU
		{8EDD1169-3A20-4B97-A8ED-5428000F72B6}.Debug|Any CPU.ActiveCfg = Debug|Any CPU
		{8EDD1169-3A20-4B97-A8ED-5428000F72B6}.Debug|Any CPU.Build.0 = Debug|Any CPU
		{8EDD1169-3A20-4B97-A8ED-5428000F72B6}.Release|Any CPU.ActiveCfg = Release|Any CPU
		{8EDD1169-3A20-4B97-A8ED-5428000F72B6}.Release|Any CPU.Build.0 = Release|Any CPU
		{7DA981A3-B9E2-4F84-AF36-B85382717B27}.Debug|Any CPU.ActiveCfg = Debug|Any CPU
		{7DA981A3-B9E2-4F84-AF36-B85382717B27}.Debug|Any CPU.Build.0 = Debug|Any CPU
		{7DA981A3-B9E2-4F84-AF36-B85382717B27}.Release|Any CPU.ActiveCfg = Release|Any CPU
		{7DA981A3-B9E2-4F84-AF36-B85382717B27}.Release|Any CPU.Build.0 = Release|Any CPU
		{0B98DDB3-E5B8-4AC2-8939-F0694FD7D070}.Debug|Any CPU.ActiveCfg = Debug|Any CPU
		{0B98DDB3-E5B8-4AC2-8939-F0694FD7D070}.Debug|Any CPU.Build.0 = Debug|Any CPU
		{0B98DDB3-E5B8-4AC2-8939-F0694FD7D070}.Release|Any CPU.ActiveCfg = Release|Any CPU
		{0B98DDB3-E5B8-4AC2-8939-F0694FD7D070}.Release|Any CPU.Build.0 = Release|Any CPU
		{F828EEAE-90C2-4DD2-92AA-8F6A47D265C9}.Debug|Any CPU.ActiveCfg = Debug|Any CPU
		{F828EEAE-90C2-4DD2-92AA-8F6A47D265C9}.Debug|Any CPU.Build.0 = Debug|Any CPU
		{F828EEAE-90C2-4DD2-92AA-8F6A47D265C9}.Release|Any CPU.ActiveCfg = Release|Any CPU
		{F828EEAE-90C2-4DD2-92AA-8F6A47D265C9}.Release|Any CPU.Build.0 = Release|Any CPU
		{170AC7E7-2893-4F95-BBA8-487B64346318}.Debug|Any CPU.ActiveCfg = Debug|Any CPU
		{170AC7E7-2893-4F95-BBA8-487B64346318}.Debug|Any CPU.Build.0 = Debug|Any CPU
		{170AC7E7-2893-4F95-BBA8-487B64346318}.Release|Any CPU.ActiveCfg = Release|Any CPU
		{170AC7E7-2893-4F95-BBA8-487B64346318}.Release|Any CPU.Build.0 = Release|Any CPU
		{EFB4E05D-12A2-4F23-A089-7D4163D2E5F0}.Debug|Any CPU.ActiveCfg = Debug|Any CPU
		{EFB4E05D-12A2-4F23-A089-7D4163D2E5F0}.Debug|Any CPU.Build.0 = Debug|Any CPU
		{EFB4E05D-12A2-4F23-A089-7D4163D2E5F0}.Release|Any CPU.ActiveCfg = Release|Any CPU
		{EFB4E05D-12A2-4F23-A089-7D4163D2E5F0}.Release|Any CPU.Build.0 = Release|Any CPU
		{8BD321E4-5D7F-44A4-B7A1-0B3CE3DD9ADC}.Debug|Any CPU.ActiveCfg = Debug|Any CPU
		{8BD321E4-5D7F-44A4-B7A1-0B3CE3DD9ADC}.Debug|Any CPU.Build.0 = Debug|Any CPU
		{8BD321E4-5D7F-44A4-B7A1-0B3CE3DD9ADC}.Release|Any CPU.ActiveCfg = Release|Any CPU
		{8BD321E4-5D7F-44A4-B7A1-0B3CE3DD9ADC}.Release|Any CPU.Build.0 = Release|Any CPU
	EndGlobalSection
	GlobalSection(SolutionProperties) = preSolution
		HideSolutionNode = FALSE
	EndGlobalSection
	GlobalSection(ExtensibilityGlobals) = postSolution
		SolutionGuid = {3EC0C977-DD2F-4A56-AFD9-4485491614AB}
	EndGlobalSection
EndGlobal
